// !$*UTF8*$!
{
	archiveVersion = 1;
	classes = {
	};
	objectVersion = 56;
	objects = {

/* Begin PBXBuildFile section */
		92DC6F2829414E5E00C8B332 /* Move_ScaleApp.swift in Sources */ = {isa = PBXBuildFile; fileRef = 92DC6F2729414E5E00C8B332 /* Move_ScaleApp.swift */; };
		92DC6F2A29414E5E00C8B332 /* ContentView.swift in Sources */ = {isa = PBXBuildFile; fileRef = 92DC6F2929414E5E00C8B332 /* ContentView.swift */; };
		92DC6F2C29414E5E00C8B332 /* Assets.xcassets in Resources */ = {isa = PBXBuildFile; fileRef = 92DC6F2B29414E5E00C8B332 /* Assets.xcassets */; };
		92DC6F2F29414E5E00C8B332 /* Preview Assets.xcassets in Resources */ = {isa = PBXBuildFile; fileRef = 92DC6F2E29414E5E00C8B332 /* Preview Assets.xcassets */; };
		92DC6F3729414E7E00C8B332 /* ZoomableScrollView.swift in Sources */ = {isa = PBXBuildFile; fileRef = 92DC6F3629414E7E00C8B332 /* ZoomableScrollView.swift */; };
		92DC6F3929414EC100C8B332 /* Test.png in Resources */ = {isa = PBXBuildFile; fileRef = 92DC6F3829414EC100C8B332 /* Test.png */; };
/* End PBXBuildFile section */

/* Begin PBXFileReference section */
		92DC6F2429414E5E00C8B332 /* Move&Scale.app */ = {isa = PBXFileReference; explicitFileType = wrapper.application; includeInIndex = 0; path = "Move&Scale.app"; sourceTree = BUILT_PRODUCTS_DIR; };
		92DC6F2729414E5E00C8B332 /* Move_ScaleApp.swift */ = {isa = PBXFileReference; lastKnownFileType = sourcecode.swift; path = Move_ScaleApp.swift; sourceTree = "<group>"; };
		92DC6F2929414E5E00C8B332 /* ContentView.swift */ = {isa = PBXFileReference; lastKnownFileType = sourcecode.swift; path = ContentView.swift; sourceTree = "<group>"; };
		92DC6F2B29414E5E00C8B332 /* Assets.xcassets */ = {isa = PBXFileReference; lastKnownFileType = folder.assetcatalog; path = Assets.xcassets; sourceTree = "<group>"; };
		92DC6F2E29414E5E00C8B332 /* Preview Assets.xcassets */ = {isa = PBXFileReference; lastKnownFileType = folder.assetcatalog; path = "Preview Assets.xcassets"; sourceTree = "<group>"; };
		92DC6F3029414E5E00C8B332 /* Move_Scale.entitlements */ = {isa = PBXFileReference; lastKnownFileType = text.plist.entitlements; path = Move_Scale.entitlements; sourceTree = "<group>"; };
		92DC6F3629414E7E00C8B332 /* ZoomableScrollView.swift */ = {isa = PBXFileReference; lastKnownFileType = sourcecode.swift; path = ZoomableScrollView.swift; sourceTree = "<group>"; };
		92DC6F3829414EC100C8B332 /* Test.png */ = {isa = PBXFileReference; lastKnownFileType = image.png; path = Test.png; sourceTree = "<group>"; };
/* End PBXFileReference section */

/* Begin PBXFrameworksBuildPhase section */
		92DC6F2129414E5E00C8B332 /* Frameworks */ = {
			isa = PBXFrameworksBuildPhase;
			buildActionMask = 2147483647;
			files = (
			);
			runOnlyForDeploymentPostprocessing = 0;
		};
/* End PBXFrameworksBuildPhase section */

/* Begin PBXGroup section */
		92DC6F1B29414E5E00C8B332 = {
			isa = PBXGroup;
			children = (
				92DC6F2629414E5E00C8B332 /* Move&Scale */,
				92DC6F2529414E5E00C8B332 /* Products */,
			);
			sourceTree = "<group>";
		};
		92DC6F2529414E5E00C8B332 /* Products */ = {
			isa = PBXGroup;
			children = (
				92DC6F2429414E5E00C8B332 /* Move&Scale.app */,
			);
			name = Products;
			sourceTree = "<group>";
		};
		92DC6F2629414E5E00C8B332 /* Move&Scale */ = {
			isa = PBXGroup;
			children = (
				92DC6F2729414E5E00C8B332 /* Move_ScaleApp.swift */,
				92DC6F2929414E5E00C8B332 /* ContentView.swift */,
				92DC6F3629414E7E00C8B332 /* ZoomableScrollView.swift */,
				92DC6F2B29414E5E00C8B332 /* Assets.xcassets */,
				92DC6F3829414EC100C8B332 /* Test.png */,
				92DC6F3029414E5E00C8B332 /* Move_Scale.entitlements */,
				92DC6F2D29414E5E00C8B332 /* Preview Content */,
			);
			path = "Move&Scale";
			sourceTree = "<group>";
		};
		92DC6F2D29414E5E00C8B332 /* Preview Content */ = {
			isa = PBXGroup;
			children = (
				92DC6F2E29414E5E00C8B332 /* Preview Assets.xcassets */,
			);
			path = "Preview Content";
			sourceTree = "<group>";
		};
/* End PBXGroup section */

/* Begin PBXNativeTarget section */
		92DC6F2329414E5E00C8B332 /* Move&Scale */ = {
			isa = PBXNativeTarget;
			buildConfigurationList = 92DC6F3329414E5E00C8B332 /* Build configuration list for PBXNativeTarget "Move&Scale" */;
			buildPhases = (
				92DC6F2029414E5E00C8B332 /* Sources */,
				92DC6F2129414E5E00C8B332 /* Frameworks */,
				92DC6F2229414E5E00C8B332 /* Resources */,
			);
			buildRules = (
			);
			dependencies = (
			);
			name = "Move&Scale";
			productName = "Move&Scale";
			productReference = 92DC6F2429414E5E00C8B332 /* Move&Scale.app */;
			productType = "com.apple.product-type.application";
		};
/* End PBXNativeTarget section */

/* Begin PBXProject section */
		92DC6F1C29414E5E00C8B332 /* Project object */ = {
			isa = PBXProject;
			attributes = {
				BuildIndependentTargetsInParallel = 1;
				LastSwiftUpdateCheck = 1410;
				LastUpgradeCheck = 1410;
				TargetAttributes = {
					92DC6F2329414E5E00C8B332 = {
						CreatedOnToolsVersion = 14.1;
					};
				};
			};
			buildConfigurationList = 92DC6F1F29414E5E00C8B332 /* Build configuration list for PBXProject "Move&Scale" */;
			compatibilityVersion = "Xcode 14.0";
			developmentRegion = en;
			hasScannedForEncodings = 0;
			knownRegions = (
				en,
				Base,
			);
			mainGroup = 92DC6F1B29414E5E00C8B332;
			productRefGroup = 92DC6F2529414E5E00C8B332 /* Products */;
			projectDirPath = "";
			projectRoot = "";
			targets = (
				92DC6F2329414E5E00C8B332 /* Move&Scale */,
			);
		};
/* End PBXProject section */

/* Begin PBXResourcesBuildPhase section */
		92DC6F2229414E5E00C8B332 /* Resources */ = {
			isa = PBXResourcesBuildPhase;
			buildActionMask = 2147483647;
			files = (
				92DC6F3929414EC100C8B332 /* Test.png in Resources */,
				92DC6F2F29414E5E00C8B332 /* Preview Assets.xcassets in Resources */,
				92DC6F2C29414E5E00C8B332 /* Assets.xcassets in Resources */,
			);
			runOnlyForDeploymentPostprocessing = 0;
		};
/* End PBXResourcesBuildPhase section */

/* Begin PBXSourcesBuildPhase section */
		92DC6F2029414E5E00C8B332 /* Sources */ = {
			isa = PBXSourcesBuildPhase;
			buildActionMask = 2147483647;
			files = (
				92DC6F2A29414E5E00C8B332 /* ContentView.swift in Sources */,
				92DC6F3729414E7E00C8B332 /* ZoomableScrollView.swift in Sources */,
				92DC6F2829414E5E00C8B332 /* Move_ScaleApp.swift in Sources */,
			);
			runOnlyForDeploymentPostprocessing = 0;
		};
/* End PBXSourcesBuildPhase section */

/* Begin XCBuildConfiguration section */
		92DC6F3129414E5E00C8B332 /* Debug */ = {
			isa = XCBuildConfiguration;
			buildSettings = {
				ALWAYS_SEARCH_USER_PATHS = NO;
				CLANG_ANALYZER_NONNULL = YES;
				CLANG_ANALYZER_NUMBER_OBJECT_CONVERSION = YES_AGGRESSIVE;
				CLANG_CXX_LANGUAGE_STANDARD = "gnu++20";
				CLANG_ENABLE_MODULES = YES;
				CLANG_ENABLE_OBJC_ARC = YES;
				CLANG_ENABLE_OBJC_WEAK = YES;
				CLANG_WARN_BLOCK_CAPTURE_AUTORELEASING = YES;
				CLANG_WARN_BOOL_CONVERSION = YES;
				CLANG_WARN_COMMA = YES;
				CLANG_WARN_CONSTANT_CONVERSION = YES;
				CLANG_WARN_DEPRECATED_OBJC_IMPLEMENTATIONS = YES;
				CLANG_WARN_DIRECT_OBJC_ISA_USAGE = YES_ERROR;
				CLANG_WARN_DOCUMENTATION_COMMENTS = YES;
				CLANG_WARN_EMPTY_BODY = YES;
				CLANG_WARN_ENUM_CONVERSION = YES;
				CLANG_WARN_INFINITE_RECURSION = YES;
				CLANG_WARN_INT_CONVERSION = YES;
				CLANG_WARN_NON_LITERAL_NULL_CONVERSION = YES;
				CLANG_WARN_OBJC_IMPLICIT_RETAIN_SELF = YES;
				CLANG_WARN_OBJC_LITERAL_CONVERSION = YES;
				CLANG_WARN_OBJC_ROOT_CLASS = YES_ERROR;
				CLANG_WARN_QUOTED_INCLUDE_IN_FRAMEWORK_HEADER = YES;
				CLANG_WARN_RANGE_LOOP_ANALYSIS = YES;
				CLANG_WARN_STRICT_PROTOTYPES = YES;
				CLANG_WARN_SUSPICIOUS_MOVE = YES;
				CLANG_WARN_UNGUARDED_AVAILABILITY = YES_AGGRESSIVE;
				CLANG_WARN_UNREACHABLE_CODE = YES;
				CLANG_WARN__DUPLICATE_METHOD_MATCH = YES;
				COPY_PHASE_STRIP = NO;
				DEBUG_INFORMATION_FORMAT = dwarf;
				ENABLE_STRICT_OBJC_MSGSEND = YES;
				ENABLE_TESTABILITY = YES;
				GCC_C_LANGUAGE_STANDARD = gnu11;
				GCC_DYNAMIC_NO_PIC = NO;
				GCC_NO_COMMON_BLOCKS = YES;
				GCC_OPTIMIZATION_LEVEL = 0;
				GCC_PREPROCESSOR_DEFINITIONS = (
					"DEBUG=1",
					"$(inherited)",
				);
				GCC_WARN_64_TO_32_BIT_CONVERSION = YES;
				GCC_WARN_ABOUT_RETURN_TYPE = YES_ERROR;
				GCC_WARN_UNDECLARED_SELECTOR = YES;
				GCC_WARN_UNINITIALIZED_AUTOS = YES_AGGRESSIVE;
				GCC_WARN_UNUSED_FUNCTION = YES;
				GCC_WARN_UNUSED_VARIABLE = YES;
				MACOSX_DEPLOYMENT_TARGET = 12.5;
				MTL_ENABLE_DEBUG_INFO = INCLUDE_SOURCE;
				MTL_FAST_MATH = YES;
				ONLY_ACTIVE_ARCH = YES;
				SDKROOT = iphoneos;
				SWIFT_ACTIVE_COMPILATION_CONDITIONS = DEBUG;
				SWIFT_OPTIMIZATION_LEVEL = "-Onone";
			};
			name = Debug;
		};
		92DC6F3229414E5E00C8B332 /* Release */ = {
			isa = XCBuildConfiguration;
			buildSettings = {
				ALWAYS_SEARCH_USER_PATHS = NO;
				CLANG_ANALYZER_NONNULL = YES;
				CLANG_ANALYZER_NUMBER_OBJECT_CONVERSION = YES_AGGRESSIVE;
				CLANG_CXX_LANGUAGE_STANDARD = "gnu++20";
				CLANG_ENABLE_MODULES = YES;
				CLANG_ENABLE_OBJC_ARC = YES;
				CLANG_ENABLE_OBJC_WEAK = YES;
				CLANG_WARN_BLOCK_CAPTURE_AUTORELEASING = YES;
				CLANG_WARN_BOOL_CONVERSION = YES;
				CLANG_WARN_COMMA = YES;
				CLANG_WARN_CONSTANT_CONVERSION = YES;
				CLANG_WARN_DEPRECATED_OBJC_IMPLEMENTATIONS = YES;
				CLANG_WARN_DIRECT_OBJC_ISA_USAGE = YES_ERROR;
				CLANG_WARN_DOCUMENTATION_COMMENTS = YES;
				CLANG_WARN_EMPTY_BODY = YES;
				CLANG_WARN_ENUM_CONVERSION = YES;
				CLANG_WARN_INFINITE_RECURSION = YES;
				CLANG_WARN_INT_CONVERSION = YES;
				CLANG_WARN_NON_LITERAL_NULL_CONVERSION = YES;
				CLANG_WARN_OBJC_IMPLICIT_RETAIN_SELF = YES;
				CLANG_WARN_OBJC_LITERAL_CONVERSION = YES;
				CLANG_WARN_OBJC_ROOT_CLASS = YES_ERROR;
				CLANG_WARN_QUOTED_INCLUDE_IN_FRAMEWORK_HEADER = YES;
				CLANG_WARN_RANGE_LOOP_ANALYSIS = YES;
				CLANG_WARN_STRICT_PROTOTYPES = YES;
				CLANG_WARN_SUSPICIOUS_MOVE = YES;
				CLANG_WARN_UNGUARDED_AVAILABILITY = YES_AGGRESSIVE;
				CLANG_WARN_UNREACHABLE_CODE = YES;
				CLANG_WARN__DUPLICATE_METHOD_MATCH = YES;
				COPY_PHASE_STRIP = NO;
				DEBUG_INFORMATION_FORMAT = "dwarf-with-dsym";
				ENABLE_NS_ASSERTIONS = NO;
				ENABLE_STRICT_OBJC_MSGSEND = YES;
				GCC_C_LANGUAGE_STANDARD = gnu11;
				GCC_NO_COMMON_BLOCKS = YES;
				GCC_WARN_64_TO_32_BIT_CONVERSION = YES;
				GCC_WARN_ABOUT_RETURN_TYPE = YES_ERROR;
				GCC_WARN_UNDECLARED_SELECTOR = YES;
				GCC_WARN_UNINITIALIZED_AUTOS = YES_AGGRESSIVE;
				GCC_WARN_UNUSED_FUNCTION = YES;
				GCC_WARN_UNUSED_VARIABLE = YES;
				MACOSX_DEPLOYMENT_TARGET = 12.5;
				MTL_ENABLE_DEBUG_INFO = NO;
				MTL_FAST_MATH = YES;
				SDKROOT = iphoneos;
				SWIFT_COMPILATION_MODE = wholemodule;
				SWIFT_OPTIMIZATION_LEVEL = "-O";
			};
			name = Release;
		};
		92DC6F3429414E5E00C8B332 /* Debug */ = {
			isa = XCBuildConfiguration;
			buildSettings = {
				ASSETCATALOG_COMPILER_APPICON_NAME = AppIcon;
				ASSETCATALOG_COMPILER_GLOBAL_ACCENT_COLOR_NAME = AccentColor;
				CODE_SIGN_ENTITLEMENTS = "Move&Scale/Move_Scale.entitlements";
				CODE_SIGN_STYLE = Automatic;
				COMBINE_HIDPI_IMAGES = YES;
				CURRENT_PROJECT_VERSION = 1;
				DEVELOPMENT_ASSET_PATHS = "\"Move&Scale/Preview Content\"";
				DEVELOPMENT_TEAM = 5PJLLP9AKM;
				ENABLE_HARDENED_RUNTIME = YES;
				ENABLE_PREVIEWS = YES;
				GENERATE_INFOPLIST_FILE = YES;
				INFOPLIST_KEY_NSHumanReadableCopyright = "";
				LD_RUNPATH_SEARCH_PATHS = (
					"$(inherited)",
					"@executable_path/../Frameworks",
				);
				MARKETING_VERSION = 1.0;
				PRODUCT_BUNDLE_IDENTIFIER = "me.Move-Scale";
				PRODUCT_NAME = "$(TARGET_NAME)";
				SWIFT_EMIT_LOC_STRINGS = YES;
				SWIFT_VERSION = 5.0;
			};
			name = Debug;
		};
		92DC6F3529414E5E00C8B332 /* Release */ = {
			isa = XCBuildConfiguration;
			buildSettings = {
				ASSETCATALOG_COMPILER_APPICON_NAME = AppIcon;
				ASSETCATALOG_COMPILER_GLOBAL_ACCENT_COLOR_NAME = AccentColor;
				CODE_SIGN_ENTITLEMENTS = "Move&Scale/Move_Scale.entitlements";
				CODE_SIGN_STYLE = Automatic;
				COMBINE_HIDPI_IMAGES = YES;
				CURRENT_PROJECT_VERSION = 1;
				DEVELOPMENT_ASSET_PATHS = "\"Move&Scale/Preview Content\"";
				DEVELOPMENT_TEAM = 5PJLLP9AKM;
				ENABLE_HARDENED_RUNTIME = YES;
				ENABLE_PREVIEWS = YES;
				GENERATE_INFOPLIST_FILE = YES;
				INFOPLIST_KEY_NSHumanReadableCopyright = "";
				LD_RUNPATH_SEARCH_PATHS = (
					"$(inherited)",
					"@executable_path/../Frameworks",
				);
				MARKETING_VERSION = 1.0;
				PRODUCT_BUNDLE_IDENTIFIER = "me.Move-Scale";
				PRODUCT_NAME = "$(TARGET_NAME)";
				SWIFT_EMIT_LOC_STRINGS = YES;
				SWIFT_VERSION = 5.0;
			};
			name = Release;
		};
/* End XCBuildConfiguration section */

/* Begin XCConfigurationList section */
		92DC6F1F29414E5E00C8B332 /* Build configuration list for PBXProject "Move&Scale" */ = {
			isa = XCConfigurationList;
			buildConfigurations = (
				92DC6F3129414E5E00C8B332 /* Debug */,
				92DC6F3229414E5E00C8B332 /* Release */,
			);
			defaultConfigurationIsVisible = 0;
			defaultConfigurationName = Release;
		};
		92DC6F3329414E5E00C8B332 /* Build configuration list for PBXNativeTarget "Move&Scale" */ = {
			isa = XCConfigurationList;
			buildConfigurations = (
				92DC6F3429414E5E00C8B332 /* Debug */,
				92DC6F3529414E5E00C8B332 /* Release */,
			);
			defaultConfigurationIsVisible = 0;
			defaultConfigurationName = Release;
		};
/* End XCConfigurationList section */
	};
	rootObject = 92DC6F1C29414E5E00C8B332 /* Project object */;
}
