// !$*UTF8*$!
{
	archiveVersion = 1;
	classes = {
	};
	objectVersion = 55;
	objects = {

/* Begin PBXBuildFile section */
		B9560389294018B400F65443 /* ImageCropPickerApp.swift in Sources */ = {isa = PBXBuildFile; fileRef = B9560388294018B400F65443 /* ImageCropPickerApp.swift */; };
		B956038B294018B400F65443 /* ContentView.swift in Sources */ = {isa = PBXBuildFile; fileRef = B956038A294018B400F65443 /* ContentView.swift */; };
		B956038D294018B600F65443 /* Assets.xcassets in Resources */ = {isa = PBXBuildFile; fileRef = B956038C294018B600F65443 /* Assets.xcassets */; };
		B9560390294018B600F65443 /* Preview Assets.xcassets in Resources */ = {isa = PBXBuildFile; fileRef = B956038F294018B600F65443 /* Preview Assets.xcassets */; };
		B95603982940198A00F65443 /* ImagemoveAndScale.swift in Sources */ = {isa = PBXBuildFile; fileRef = B95603972940198A00F65443 /* ImagemoveAndScale.swift */; };
		B956039A294019AF00F65443 /* ImagePicker.swift in Sources */ = {isa = PBXBuildFile; fileRef = B9560399294019AF00F65443 /* ImagePicker.swift */; };
		B956039C294019BA00F65443 /* ImageManipulation.swift in Sources */ = {isa = PBXBuildFile; fileRef = B956039B294019BA00F65443 /* ImageManipulation.swift */; };
/* End PBXBuildFile section */

/* Begin PBXFileReference section */
		B9560385294018B400F65443 /* ImageCropPicker.app */ = {isa = PBXFileReference; explicitFileType = wrapper.application; includeInIndex = 0; path = ImageCropPicker.app; sourceTree = BUILT_PRODUCTS_DIR; };
		B9560388294018B400F65443 /* ImageCropPickerApp.swift */ = {isa = PBXFileReference; lastKnownFileType = sourcecode.swift; path = ImageCropPickerApp.swift; sourceTree = "<group>"; };
		B956038A294018B400F65443 /* ContentView.swift */ = {isa = PBXFileReference; lastKnownFileType = sourcecode.swift; path = ContentView.swift; sourceTree = "<group>"; };
		B956038C294018B600F65443 /* Assets.xcassets */ = {isa = PBXFileReference; lastKnownFileType = folder.assetcatalog; path = Assets.xcassets; sourceTree = "<group>"; };
		B956038F294018B600F65443 /* Preview Assets.xcassets */ = {isa = PBXFileReference; lastKnownFileType = folder.assetcatalog; path = "Preview Assets.xcassets"; sourceTree = "<group>"; };
		B9560391294018B600F65443 /* ImageCropPicker.entitlements */ = {isa = PBXFileReference; lastKnownFileType = text.plist.entitlements; path = ImageCropPicker.entitlements; sourceTree = "<group>"; };
		B95603972940198A00F65443 /* ImagemoveAndScale.swift */ = {isa = PBXFileReference; lastKnownFileType = sourcecode.swift; path = ImagemoveAndScale.swift; sourceTree = "<group>"; };
		B9560399294019AF00F65443 /* ImagePicker.swift */ = {isa = PBXFileReference; lastKnownFileType = sourcecode.swift; path = ImagePicker.swift; sourceTree = "<group>"; };
		B956039B294019BA00F65443 /* ImageManipulation.swift */ = {isa = PBXFileReference; lastKnownFileType = sourcecode.swift; path = ImageManipulation.swift; sourceTree = "<group>"; };
/* End PBXFileReference section */

/* Begin PBXFrameworksBuildPhase section */
		B9560382294018B400F65443 /* Frameworks */ = {
			isa = PBXFrameworksBuildPhase;
			buildActionMask = 2147483647;
			files = (
			);
			runOnlyForDeploymentPostprocessing = 0;
		};
/* End PBXFrameworksBuildPhase section */

/* Begin PBXGroup section */
		B956037C294018B400F65443 = {
			isa = PBXGroup;
			children = (
				B9560387294018B400F65443 /* ImageCropPicker */,
				B9560386294018B400F65443 /* Products */,
			);
			sourceTree = "<group>";
		};
		B9560386294018B400F65443 /* Products */ = {
			isa = PBXGroup;
			children = (
				B9560385294018B400F65443 /* ImageCropPicker.app */,
			);
			name = Products;
			sourceTree = "<group>";
		};
		B9560387294018B400F65443 /* ImageCropPicker */ = {
			isa = PBXGroup;
			children = (
				B9560388294018B400F65443 /* ImageCropPickerApp.swift */,
				B956038A294018B400F65443 /* ContentView.swift */,
				B956038C294018B600F65443 /* Assets.xcassets */,
				B9560391294018B600F65443 /* ImageCropPicker.entitlements */,
				B956038E294018B600F65443 /* Preview Content */,
				B95603972940198A00F65443 /* ImagemoveAndScale.swift */,
				B9560399294019AF00F65443 /* ImagePicker.swift */,
				B956039B294019BA00F65443 /* ImageManipulation.swift */,
			);
			path = ImageCropPicker;
			sourceTree = "<group>";
		};
		B956038E294018B600F65443 /* Preview Content */ = {
			isa = PBXGroup;
			children = (
				B956038F294018B600F65443 /* Preview Assets.xcassets */,
			);
			path = "Preview Content";
			sourceTree = "<group>";
		};
/* End PBXGroup section */

/* Begin PBXNativeTarget section */
		B9560384294018B400F65443 /* ImageCropPicker */ = {
			isa = PBXNativeTarget;
			buildConfigurationList = B9560394294018B600F65443 /* Build configuration list for PBXNativeTarget "ImageCropPicker" */;
			buildPhases = (
				B9560381294018B400F65443 /* Sources */,
				B9560382294018B400F65443 /* Frameworks */,
				B9560383294018B400F65443 /* Resources */,
			);
			buildRules = (
			);
			dependencies = (
			);
			name = ImageCropPicker;
			productName = ImageCropPicker;
			productReference = B9560385294018B400F65443 /* ImageCropPicker.app */;
			productType = "com.apple.product-type.application";
		};
/* End PBXNativeTarget section */

/* Begin PBXProject section */
		B956037D294018B400F65443 /* Project object */ = {
			isa = PBXProject;
			attributes = {
				BuildIndependentTargetsInParallel = 1;
				LastSwiftUpdateCheck = 1330;
				LastUpgradeCheck = 1330;
				TargetAttributes = {
					B9560384294018B400F65443 = {
						CreatedOnToolsVersion = 13.3.1;
					};
				};
			};
			buildConfigurationList = B9560380294018B400F65443 /* Build configuration list for PBXProject "ImageCropPicker" */;
			compatibilityVersion = "Xcode 13.0";
			developmentRegion = en;
			hasScannedForEncodings = 0;
			knownRegions = (
				en,
				Base,
			);
			mainGroup = B956037C294018B400F65443;
			productRefGroup = B9560386294018B400F65443 /* Products */;
			projectDirPath = "";
			projectRoot = "";
			targets = (
				B9560384294018B400F65443 /* ImageCropPicker */,
			);
		};
/* End PBXProject section */

/* Begin PBXResourcesBuildPhase section */
		B9560383294018B400F65443 /* Resources */ = {
			isa = PBXResourcesBuildPhase;
			buildActionMask = 2147483647;
			files = (
				B9560390294018B600F65443 /* Preview Assets.xcassets in Resources */,
				B956038D294018B600F65443 /* Assets.xcassets in Resources */,
			);
			runOnlyForDeploymentPostprocessing = 0;
		};
/* End PBXResourcesBuildPhase section */

/* Begin PBXSourcesBuildPhase section */
		B9560381294018B400F65443 /* Sources */ = {
			isa = PBXSourcesBuildPhase;
			buildActionMask = 2147483647;
			files = (
				B95603982940198A00F65443 /* ImagemoveAndScale.swift in Sources */,
				B956039C294019BA00F65443 /* ImageManipulation.swift in Sources */,
				B956039A294019AF00F65443 /* ImagePicker.swift in Sources */,
				B956038B294018B400F65443 /* ContentView.swift in Sources */,
				B9560389294018B400F65443 /* ImageCropPickerApp.swift in Sources */,
			);
			runOnlyForDeploymentPostprocessing = 0;
		};
/* End PBXSourcesBuildPhase section */

/* Begin XCBuildConfiguration section */
		B9560392294018B600F65443 /* Debug */ = {
			isa = XCBuildConfiguration;
			buildSettings = {
				ALWAYS_SEARCH_USER_PATHS = NO;
				CLANG_ANALYZER_NONNULL = YES;
				CLANG_ANALYZER_NUMBER_OBJECT_CONVERSION = YES_AGGRESSIVE;
				CLANG_CXX_LANGUAGE_STANDARD = "gnu++17";
				CLANG_ENABLE_MODULES = YES;
				CLANG_ENABLE_OBJC_ARC = YES;
				CLANG_ENABLE_OBJC_WEAK = YES;
				CLANG_WARN_BLOCK_CAPTURE_AUTORELEASING = YES;
				CLANG_WARN_BOOL_CONVERSION = YES;
				CLANG_WARN_COMMA = YES;
				CLANG_WARN_CONSTANT_CONVERSION = YES;
				CLANG_WARN_DEPRECATED_OBJC_IMPLEMENTATIONS = YES;
				CLANG_WARN_DIRECT_OBJC_ISA_USAGE = YES_ERROR;
				CLANG_WARN_DOCUMENTATION_COMMENTS = YES;
				CLANG_WARN_EMPTY_BODY = YES;
				CLANG_WARN_ENUM_CONVERSION = YES;
				CLANG_WARN_INFINITE_RECURSION = YES;
				CLANG_WARN_INT_CONVERSION = YES;
				CLANG_WARN_NON_LITERAL_NULL_CONVERSION = YES;
				CLANG_WARN_OBJC_IMPLICIT_RETAIN_SELF = YES;
				CLANG_WARN_OBJC_LITERAL_CONVERSION = YES;
				CLANG_WARN_OBJC_ROOT_CLASS = YES_ERROR;
				CLANG_WARN_QUOTED_INCLUDE_IN_FRAMEWORK_HEADER = YES;
				CLANG_WARN_RANGE_LOOP_ANALYSIS = YES;
				CLANG_WARN_STRICT_PROTOTYPES = YES;
				CLANG_WARN_SUSPICIOUS_MOVE = YES;
				CLANG_WARN_UNGUARDED_AVAILABILITY = YES_AGGRESSIVE;
				CLANG_WARN_UNREACHABLE_CODE = YES;
				CLANG_WARN__DUPLICATE_METHOD_MATCH = YES;
				COPY_PHASE_STRIP = NO;
				DEBUG_INFORMATION_FORMAT = dwarf;
				ENABLE_STRICT_OBJC_MSGSEND = YES;
				ENABLE_TESTABILITY = YES;
				GCC_C_LANGUAGE_STANDARD = gnu11;
				GCC_DYNAMIC_NO_PIC = NO;
				GCC_NO_COMMON_BLOCKS = YES;
				GCC_OPTIMIZATION_LEVEL = 0;
				GCC_PREPROCESSOR_DEFINITIONS = (
					"DEBUG=1",
					"$(inherited)",
				);
				GCC_WARN_64_TO_32_BIT_CONVERSION = YES;
				GCC_WARN_ABOUT_RETURN_TYPE = YES_ERROR;
				GCC_WARN_UNDECLARED_SELECTOR = YES;
				GCC_WARN_UNINITIALIZED_AUTOS = YES_AGGRESSIVE;
				GCC_WARN_UNUSED_FUNCTION = YES;
				GCC_WARN_UNUSED_VARIABLE = YES;
				MACOSX_DEPLOYMENT_TARGET = 12.1;
				MTL_ENABLE_DEBUG_INFO = INCLUDE_SOURCE;
				MTL_FAST_MATH = YES;
				ONLY_ACTIVE_ARCH = YES;
				SDKROOT = iphoneos;
				SWIFT_ACTIVE_COMPILATION_CONDITIONS = DEBUG;
				SWIFT_OPTIMIZATION_LEVEL = "-Onone";
			};
			name = Debug;
		};
		B9560393294018B600F65443 /* Release */ = {
			isa = XCBuildConfiguration;
			buildSettings = {
				ALWAYS_SEARCH_USER_PATHS = NO;
				CLANG_ANALYZER_NONNULL = YES;
				CLANG_ANALYZER_NUMBER_OBJECT_CONVERSION = YES_AGGRESSIVE;
				CLANG_CXX_LANGUAGE_STANDARD = "gnu++17";
				CLANG_ENABLE_MODULES = YES;
				CLANG_ENABLE_OBJC_ARC = YES;
				CLANG_ENABLE_OBJC_WEAK = YES;
				CLANG_WARN_BLOCK_CAPTURE_AUTORELEASING = YES;
				CLANG_WARN_BOOL_CONVERSION = YES;
				CLANG_WARN_COMMA = YES;
				CLANG_WARN_CONSTANT_CONVERSION = YES;
				CLANG_WARN_DEPRECATED_OBJC_IMPLEMENTATIONS = YES;
				CLANG_WARN_DIRECT_OBJC_ISA_USAGE = YES_ERROR;
				CLANG_WARN_DOCUMENTATION_COMMENTS = YES;
				CLANG_WARN_EMPTY_BODY = YES;
				CLANG_WARN_ENUM_CONVERSION = YES;
				CLANG_WARN_INFINITE_RECURSION = YES;
				CLANG_WARN_INT_CONVERSION = YES;
				CLANG_WARN_NON_LITERAL_NULL_CONVERSION = YES;
				CLANG_WARN_OBJC_IMPLICIT_RETAIN_SELF = YES;
				CLANG_WARN_OBJC_LITERAL_CONVERSION = YES;
				CLANG_WARN_OBJC_ROOT_CLASS = YES_ERROR;
				CLANG_WARN_QUOTED_INCLUDE_IN_FRAMEWORK_HEADER = YES;
				CLANG_WARN_RANGE_LOOP_ANALYSIS = YES;
				CLANG_WARN_STRICT_PROTOTYPES = YES;
				CLANG_WARN_SUSPICIOUS_MOVE = YES;
				CLANG_WARN_UNGUARDED_AVAILABILITY = YES_AGGRESSIVE;
				CLANG_WARN_UNREACHABLE_CODE = YES;
				CLANG_WARN__DUPLICATE_METHOD_MATCH = YES;
				COPY_PHASE_STRIP = NO;
				DEBUG_INFORMATION_FORMAT = "dwarf-with-dsym";
				ENABLE_NS_ASSERTIONS = NO;
				ENABLE_STRICT_OBJC_MSGSEND = YES;
				GCC_C_LANGUAGE_STANDARD = gnu11;
				GCC_NO_COMMON_BLOCKS = YES;
				GCC_WARN_64_TO_32_BIT_CONVERSION = YES;
				GCC_WARN_ABOUT_RETURN_TYPE = YES_ERROR;
				GCC_WARN_UNDECLARED_SELECTOR = YES;
				GCC_WARN_UNINITIALIZED_AUTOS = YES_AGGRESSIVE;
				GCC_WARN_UNUSED_FUNCTION = YES;
				GCC_WARN_UNUSED_VARIABLE = YES;
				MACOSX_DEPLOYMENT_TARGET = 12.1;
				MTL_ENABLE_DEBUG_INFO = NO;
				MTL_FAST_MATH = YES;
				SDKROOT = iphoneos;
				SWIFT_COMPILATION_MODE = wholemodule;
				SWIFT_OPTIMIZATION_LEVEL = "-O";
			};
			name = Release;
		};
		B9560395294018B600F65443 /* Debug */ = {
			isa = XCBuildConfiguration;
			buildSettings = {
				ASSETCATALOG_COMPILER_APPICON_NAME = AppIcon;
				ASSETCATALOG_COMPILER_GLOBAL_ACCENT_COLOR_NAME = AccentColor;
				CODE_SIGN_ENTITLEMENTS = ImageCropPicker/ImageCropPicker.entitlements;
				CODE_SIGN_STYLE = Automatic;
				COMBINE_HIDPI_IMAGES = YES;
				CURRENT_PROJECT_VERSION = 1;
				DEVELOPMENT_ASSET_PATHS = "\"ImageCropPicker/Preview Content\"";
				DEVELOPMENT_TEAM = 5PJLLP9AKM;
				ENABLE_HARDENED_RUNTIME = YES;
				ENABLE_PREVIEWS = YES;
				GENERATE_INFOPLIST_FILE = YES;
				INFOPLIST_KEY_NSHumanReadableCopyright = "";
				LD_RUNPATH_SEARCH_PATHS = (
					"$(inherited)",
					"@executable_path/../Frameworks",
				);
				MARKETING_VERSION = 1.0;
				PRODUCT_BUNDLE_IDENTIFIER = HedgehogProductions.ImageCropPicker;
				PRODUCT_NAME = "$(TARGET_NAME)";
				SWIFT_EMIT_LOC_STRINGS = YES;
				SWIFT_VERSION = 5.0;
			};
			name = Debug;
		};
		B9560396294018B600F65443 /* Release */ = {
			isa = XCBuildConfiguration;
			buildSettings = {
				ASSETCATALOG_COMPILER_APPICON_NAME = AppIcon;
				ASSETCATALOG_COMPILER_GLOBAL_ACCENT_COLOR_NAME = AccentColor;
				CODE_SIGN_ENTITLEMENTS = ImageCropPicker/ImageCropPicker.entitlements;
				CODE_SIGN_STYLE = Automatic;
				COMBINE_HIDPI_IMAGES = YES;
				CURRENT_PROJECT_VERSION = 1;
				DEVELOPMENT_ASSET_PATHS = "\"ImageCropPicker/Preview Content\"";
				DEVELOPMENT_TEAM = 5PJLLP9AKM;
				ENABLE_HARDENED_RUNTIME = YES;
				ENABLE_PREVIEWS = YES;
				GENERATE_INFOPLIST_FILE = YES;
				INFOPLIST_KEY_NSHumanReadableCopyright = "";
				LD_RUNPATH_SEARCH_PATHS = (
					"$(inherited)",
					"@executable_path/../Frameworks",
				);
				MARKETING_VERSION = 1.0;
				PRODUCT_BUNDLE_IDENTIFIER = HedgehogProductions.ImageCropPicker;
				PRODUCT_NAME = "$(TARGET_NAME)";
				SWIFT_EMIT_LOC_STRINGS = YES;
				SWIFT_VERSION = 5.0;
			};
			name = Release;
		};
/* End XCBuildConfiguration section */

/* Begin XCConfigurationList section */
		B9560380294018B400F65443 /* Build configuration list for PBXProject "ImageCropPicker" */ = {
			isa = XCConfigurationList;
			buildConfigurations = (
				B9560392294018B600F65443 /* Debug */,
				B9560393294018B600F65443 /* Release */,
			);
			defaultConfigurationIsVisible = 0;
			defaultConfigurationName = Release;
		};
		B9560394294018B600F65443 /* Build configuration list for PBXNativeTarget "ImageCropPicker" */ = {
			isa = XCConfigurationList;
			buildConfigurations = (
				B9560395294018B600F65443 /* Debug */,
				B9560396294018B600F65443 /* Release */,
			);
			defaultConfigurationIsVisible = 0;
			defaultConfigurationName = Release;
		};
/* End XCConfigurationList section */
	};
	rootObject = B956037D294018B400F65443 /* Project object */;
}
