// !$*UTF8*$!
{
	archiveVersion = 1;
	classes = {
	};
	objectVersion = 56;
	objects = {

/* Begin PBXBuildFile section */
		92618E0B291EBA0000178E21 /* CarouselApp.swift in Sources */ = {isa = PBXBuildFile; fileRef = 92618E0A291EBA0000178E21 /* CarouselApp.swift */; };
		92618E0D291EBA0000178E21 /* ContentView.swift in Sources */ = {isa = PBXBuildFile; fileRef = 92618E0C291EBA0000178E21 /* ContentView.swift */; };
		92618E0F291EBA0100178E21 /* Assets.xcassets in Resources */ = {isa = PBXBuildFile; fileRef = 92618E0E291EBA0100178E21 /* Assets.xcassets */; };
		92618E12291EBA0100178E21 /* Preview Assets.xcassets in Resources */ = {isa = PBXBuildFile; fileRef = 92618E11291EBA0100178E21 /* Preview Assets.xcassets */; };
		92618E1D291EBA0100178E21 /* CarouselTests.swift in Sources */ = {isa = PBXBuildFile; fileRef = 92618E1C291EBA0100178E21 /* CarouselTests.swift */; };
		92618E27291EBA0100178E21 /* CarouselUITests.swift in Sources */ = {isa = PBXBuildFile; fileRef = 92618E26291EBA0100178E21 /* CarouselUITests.swift */; };
		92618E29291EBA0100178E21 /* CarouselUITestsLaunchTests.swift in Sources */ = {isa = PBXBuildFile; fileRef = 92618E28291EBA0100178E21 /* CarouselUITestsLaunchTests.swift */; };
		92618E36291EBA1800178E21 /* ScrollingStackModifier.swift in Sources */ = {isa = PBXBuildFile; fileRef = 92618E35291EBA1800178E21 /* ScrollingStackModifier.swift */; };
		92618E38291ED2D100178E21 /* PlantData.swift in Sources */ = {isa = PBXBuildFile; fileRef = 92618E37291ED2D100178E21 /* PlantData.swift */; };
/* End PBXBuildFile section */

/* Begin PBXContainerItemProxy section */
		92618E19291EBA0100178E21 /* PBXContainerItemProxy */ = {
			isa = PBXContainerItemProxy;
			containerPortal = 92618DFF291EBA0000178E21 /* Project object */;
			proxyType = 1;
			remoteGlobalIDString = 92618E06291EBA0000178E21;
			remoteInfo = Carousel;
		};
		92618E23291EBA0100178E21 /* PBXContainerItemProxy */ = {
			isa = PBXContainerItemProxy;
			containerPortal = 92618DFF291EBA0000178E21 /* Project object */;
			proxyType = 1;
			remoteGlobalIDString = 92618E06291EBA0000178E21;
			remoteInfo = Carousel;
		};
/* End PBXContainerItemProxy section */

/* Begin PBXFileReference section */
		92618E07291EBA0000178E21 /* Carousel.app */ = {isa = PBXFileReference; explicitFileType = wrapper.application; includeInIndex = 0; path = Carousel.app; sourceTree = BUILT_PRODUCTS_DIR; };
		92618E0A291EBA0000178E21 /* CarouselApp.swift */ = {isa = PBXFileReference; lastKnownFileType = sourcecode.swift; path = CarouselApp.swift; sourceTree = "<group>"; };
		92618E0C291EBA0000178E21 /* ContentView.swift */ = {isa = PBXFileReference; lastKnownFileType = sourcecode.swift; path = ContentView.swift; sourceTree = "<group>"; };
		92618E0E291EBA0100178E21 /* Assets.xcassets */ = {isa = PBXFileReference; lastKnownFileType = folder.assetcatalog; path = Assets.xcassets; sourceTree = "<group>"; };
		92618E11291EBA0100178E21 /* Preview Assets.xcassets */ = {isa = PBXFileReference; lastKnownFileType = folder.assetcatalog; path = "Preview Assets.xcassets"; sourceTree = "<group>"; };
		92618E13291EBA0100178E21 /* Carousel.entitlements */ = {isa = PBXFileReference; lastKnownFileType = text.plist.entitlements; path = Carousel.entitlements; sourceTree = "<group>"; };
		92618E18291EBA0100178E21 /* CarouselTests.xctest */ = {isa = PBXFileReference; explicitFileType = wrapper.cfbundle; includeInIndex = 0; path = CarouselTests.xctest; sourceTree = BUILT_PRODUCTS_DIR; };
		92618E1C291EBA0100178E21 /* CarouselTests.swift */ = {isa = PBXFileReference; lastKnownFileType = sourcecode.swift; path = CarouselTests.swift; sourceTree = "<group>"; };
		92618E22291EBA0100178E21 /* CarouselUITests.xctest */ = {isa = PBXFileReference; explicitFileType = wrapper.cfbundle; includeInIndex = 0; path = CarouselUITests.xctest; sourceTree = BUILT_PRODUCTS_DIR; };
		92618E26291EBA0100178E21 /* CarouselUITests.swift */ = {isa = PBXFileReference; lastKnownFileType = sourcecode.swift; path = CarouselUITests.swift; sourceTree = "<group>"; };
		92618E28291EBA0100178E21 /* CarouselUITestsLaunchTests.swift */ = {isa = PBXFileReference; lastKnownFileType = sourcecode.swift; path = CarouselUITestsLaunchTests.swift; sourceTree = "<group>"; };
		92618E35291EBA1800178E21 /* ScrollingStackModifier.swift */ = {isa = PBXFileReference; lastKnownFileType = sourcecode.swift; path = ScrollingStackModifier.swift; sourceTree = "<group>"; };
		92618E37291ED2D100178E21 /* PlantData.swift */ = {isa = PBXFileReference; lastKnownFileType = sourcecode.swift; path = PlantData.swift; sourceTree = "<group>"; };
/* End PBXFileReference section */

/* Begin PBXFrameworksBuildPhase section */
		92618E04291EBA0000178E21 /* Frameworks */ = {
			isa = PBXFrameworksBuildPhase;
			buildActionMask = 2147483647;
			files = (
			);
			runOnlyForDeploymentPostprocessing = 0;
		};
		92618E15291EBA0100178E21 /* Frameworks */ = {
			isa = PBXFrameworksBuildPhase;
			buildActionMask = 2147483647;
			files = (
			);
			runOnlyForDeploymentPostprocessing = 0;
		};
		92618E1F291EBA0100178E21 /* Frameworks */ = {
			isa = PBXFrameworksBuildPhase;
			buildActionMask = 2147483647;
			files = (
			);
			runOnlyForDeploymentPostprocessing = 0;
		};
/* End PBXFrameworksBuildPhase section */

/* Begin PBXGroup section */
		92618DFE291EBA0000178E21 = {
			isa = PBXGroup;
			children = (
				92618E09291EBA0000178E21 /* Carousel */,
				92618E1B291EBA0100178E21 /* CarouselTests */,
				92618E25291EBA0100178E21 /* CarouselUITests */,
				92618E08291EBA0000178E21 /* Products */,
			);
			sourceTree = "<group>";
		};
		92618E08291EBA0000178E21 /* Products */ = {
			isa = PBXGroup;
			children = (
				92618E07291EBA0000178E21 /* Carousel.app */,
				92618E18291EBA0100178E21 /* CarouselTests.xctest */,
				92618E22291EBA0100178E21 /* CarouselUITests.xctest */,
			);
			name = Products;
			sourceTree = "<group>";
		};
		92618E09291EBA0000178E21 /* Carousel */ = {
			isa = PBXGroup;
			children = (
				92618E0A291EBA0000178E21 /* CarouselApp.swift */,
				92618E0C291EBA0000178E21 /* ContentView.swift */,
				92618E35291EBA1800178E21 /* ScrollingStackModifier.swift */,
				92618E37291ED2D100178E21 /* PlantData.swift */,
				92618E0E291EBA0100178E21 /* Assets.xcassets */,
				92618E13291EBA0100178E21 /* Carousel.entitlements */,
				92618E10291EBA0100178E21 /* Preview Content */,
			);
			path = Carousel;
			sourceTree = "<group>";
		};
		92618E10291EBA0100178E21 /* Preview Content */ = {
			isa = PBXGroup;
			children = (
				92618E11291EBA0100178E21 /* Preview Assets.xcassets */,
			);
			path = "Preview Content";
			sourceTree = "<group>";
		};
		92618E1B291EBA0100178E21 /* CarouselTests */ = {
			isa = PBXGroup;
			children = (
				92618E1C291EBA0100178E21 /* CarouselTests.swift */,
			);
			path = CarouselTests;
			sourceTree = "<group>";
		};
		92618E25291EBA0100178E21 /* CarouselUITests */ = {
			isa = PBXGroup;
			children = (
				92618E26291EBA0100178E21 /* CarouselUITests.swift */,
				92618E28291EBA0100178E21 /* CarouselUITestsLaunchTests.swift */,
			);
			path = CarouselUITests;
			sourceTree = "<group>";
		};
/* End PBXGroup section */

/* Begin PBXNativeTarget section */
		92618E06291EBA0000178E21 /* Carousel */ = {
			isa = PBXNativeTarget;
			buildConfigurationList = 92618E2C291EBA0100178E21 /* Build configuration list for PBXNativeTarget "Carousel" */;
			buildPhases = (
				92618E03291EBA0000178E21 /* Sources */,
				92618E04291EBA0000178E21 /* Frameworks */,
				92618E05291EBA0000178E21 /* Resources */,
			);
			buildRules = (
			);
			dependencies = (
			);
			name = Carousel;
			productName = Carousel;
			productReference = 92618E07291EBA0000178E21 /* Carousel.app */;
			productType = "com.apple.product-type.application";
		};
		92618E17291EBA0100178E21 /* CarouselTests */ = {
			isa = PBXNativeTarget;
			buildConfigurationList = 92618E2F291EBA0100178E21 /* Build configuration list for PBXNativeTarget "CarouselTests" */;
			buildPhases = (
				92618E14291EBA0100178E21 /* Sources */,
				92618E15291EBA0100178E21 /* Frameworks */,
				92618E16291EBA0100178E21 /* Resources */,
			);
			buildRules = (
			);
			dependencies = (
				92618E1A291EBA0100178E21 /* PBXTargetDependency */,
			);
			name = CarouselTests;
			productName = CarouselTests;
			productReference = 92618E18291EBA0100178E21 /* CarouselTests.xctest */;
			productType = "com.apple.product-type.bundle.unit-test";
		};
		92618E21291EBA0100178E21 /* CarouselUITests */ = {
			isa = PBXNativeTarget;
			buildConfigurationList = 92618E32291EBA0100178E21 /* Build configuration list for PBXNativeTarget "CarouselUITests" */;
			buildPhases = (
				92618E1E291EBA0100178E21 /* Sources */,
				92618E1F291EBA0100178E21 /* Frameworks */,
				92618E20291EBA0100178E21 /* Resources */,
			);
			buildRules = (
			);
			dependencies = (
				92618E24291EBA0100178E21 /* PBXTargetDependency */,
			);
			name = CarouselUITests;
			productName = CarouselUITests;
			productReference = 92618E22291EBA0100178E21 /* CarouselUITests.xctest */;
			productType = "com.apple.product-type.bundle.ui-testing";
		};
/* End PBXNativeTarget section */

/* Begin PBXProject section */
		92618DFF291EBA0000178E21 /* Project object */ = {
			isa = PBXProject;
			attributes = {
				BuildIndependentTargetsInParallel = 1;
				LastSwiftUpdateCheck = 1410;
				LastUpgradeCheck = 1410;
				TargetAttributes = {
					92618E06291EBA0000178E21 = {
						CreatedOnToolsVersion = 14.1;
					};
					92618E17291EBA0100178E21 = {
						CreatedOnToolsVersion = 14.1;
						TestTargetID = 92618E06291EBA0000178E21;
					};
					92618E21291EBA0100178E21 = {
						CreatedOnToolsVersion = 14.1;
						TestTargetID = 92618E06291EBA0000178E21;
					};
				};
			};
			buildConfigurationList = 92618E02291EBA0000178E21 /* Build configuration list for PBXProject "Carousel" */;
			compatibilityVersion = "Xcode 14.0";
			developmentRegion = en;
			hasScannedForEncodings = 0;
			knownRegions = (
				en,
				Base,
			);
			mainGroup = 92618DFE291EBA0000178E21;
			productRefGroup = 92618E08291EBA0000178E21 /* Products */;
			projectDirPath = "";
			projectRoot = "";
			targets = (
				92618E06291EBA0000178E21 /* Carousel */,
				92618E17291EBA0100178E21 /* CarouselTests */,
				92618E21291EBA0100178E21 /* CarouselUITests */,
			);
		};
/* End PBXProject section */

/* Begin PBXResourcesBuildPhase section */
		92618E05291EBA0000178E21 /* Resources */ = {
			isa = PBXResourcesBuildPhase;
			buildActionMask = 2147483647;
			files = (
				92618E12291EBA0100178E21 /* Preview Assets.xcassets in Resources */,
				92618E0F291EBA0100178E21 /* Assets.xcassets in Resources */,
			);
			runOnlyForDeploymentPostprocessing = 0;
		};
		92618E16291EBA0100178E21 /* Resources */ = {
			isa = PBXResourcesBuildPhase;
			buildActionMask = 2147483647;
			files = (
			);
			runOnlyForDeploymentPostprocessing = 0;
		};
		92618E20291EBA0100178E21 /* Resources */ = {
			isa = PBXResourcesBuildPhase;
			buildActionMask = 2147483647;
			files = (
			);
			runOnlyForDeploymentPostprocessing = 0;
		};
/* End PBXResourcesBuildPhase section */

/* Begin PBXSourcesBuildPhase section */
		92618E03291EBA0000178E21 /* Sources */ = {
			isa = PBXSourcesBuildPhase;
			buildActionMask = 2147483647;
			files = (
				92618E36291EBA1800178E21 /* ScrollingStackModifier.swift in Sources */,
				92618E0D291EBA0000178E21 /* ContentView.swift in Sources */,
				92618E0B291EBA0000178E21 /* CarouselApp.swift in Sources */,
				92618E38291ED2D100178E21 /* PlantData.swift in Sources */,
			);
			runOnlyForDeploymentPostprocessing = 0;
		};
		92618E14291EBA0100178E21 /* Sources */ = {
			isa = PBXSourcesBuildPhase;
			buildActionMask = 2147483647;
			files = (
				92618E1D291EBA0100178E21 /* CarouselTests.swift in Sources */,
			);
			runOnlyForDeploymentPostprocessing = 0;
		};
		92618E1E291EBA0100178E21 /* Sources */ = {
			isa = PBXSourcesBuildPhase;
			buildActionMask = 2147483647;
			files = (
				92618E29291EBA0100178E21 /* CarouselUITestsLaunchTests.swift in Sources */,
				92618E27291EBA0100178E21 /* CarouselUITests.swift in Sources */,
			);
			runOnlyForDeploymentPostprocessing = 0;
		};
/* End PBXSourcesBuildPhase section */

/* Begin PBXTargetDependency section */
		92618E1A291EBA0100178E21 /* PBXTargetDependency */ = {
			isa = PBXTargetDependency;
			target = 92618E06291EBA0000178E21 /* Carousel */;
			targetProxy = 92618E19291EBA0100178E21 /* PBXContainerItemProxy */;
		};
		92618E24291EBA0100178E21 /* PBXTargetDependency */ = {
			isa = PBXTargetDependency;
			target = 92618E06291EBA0000178E21 /* Carousel */;
			targetProxy = 92618E23291EBA0100178E21 /* PBXContainerItemProxy */;
		};
/* End PBXTargetDependency section */

/* Begin XCBuildConfiguration section */
		92618E2A291EBA0100178E21 /* Debug */ = {
			isa = XCBuildConfiguration;
			buildSettings = {
				ALWAYS_SEARCH_USER_PATHS = NO;
				CLANG_ANALYZER_NONNULL = YES;
				CLANG_ANALYZER_NUMBER_OBJECT_CONVERSION = YES_AGGRESSIVE;
				CLANG_CXX_LANGUAGE_STANDARD = "gnu++20";
				CLANG_ENABLE_MODULES = YES;
				CLANG_ENABLE_OBJC_ARC = YES;
				CLANG_ENABLE_OBJC_WEAK = YES;
				CLANG_WARN_BLOCK_CAPTURE_AUTORELEASING = YES;
				CLANG_WARN_BOOL_CONVERSION = YES;
				CLANG_WARN_COMMA = YES;
				CLANG_WARN_CONSTANT_CONVERSION = YES;
				CLANG_WARN_DEPRECATED_OBJC_IMPLEMENTATIONS = YES;
				CLANG_WARN_DIRECT_OBJC_ISA_USAGE = YES_ERROR;
				CLANG_WARN_DOCUMENTATION_COMMENTS = YES;
				CLANG_WARN_EMPTY_BODY = YES;
				CLANG_WARN_ENUM_CONVERSION = YES;
				CLANG_WARN_INFINITE_RECURSION = YES;
				CLANG_WARN_INT_CONVERSION = YES;
				CLANG_WARN_NON_LITERAL_NULL_CONVERSION = YES;
				CLANG_WARN_OBJC_IMPLICIT_RETAIN_SELF = YES;
				CLANG_WARN_OBJC_LITERAL_CONVERSION = YES;
				CLANG_WARN_OBJC_ROOT_CLASS = YES_ERROR;
				CLANG_WARN_QUOTED_INCLUDE_IN_FRAMEWORK_HEADER = YES;
				CLANG_WARN_RANGE_LOOP_ANALYSIS = YES;
				CLANG_WARN_STRICT_PROTOTYPES = YES;
				CLANG_WARN_SUSPICIOUS_MOVE = YES;
				CLANG_WARN_UNGUARDED_AVAILABILITY = YES_AGGRESSIVE;
				CLANG_WARN_UNREACHABLE_CODE = YES;
				CLANG_WARN__DUPLICATE_METHOD_MATCH = YES;
				COPY_PHASE_STRIP = NO;
				DEBUG_INFORMATION_FORMAT = dwarf;
				ENABLE_STRICT_OBJC_MSGSEND = YES;
				ENABLE_TESTABILITY = YES;
				GCC_C_LANGUAGE_STANDARD = gnu11;
				GCC_DYNAMIC_NO_PIC = NO;
				GCC_NO_COMMON_BLOCKS = YES;
				GCC_OPTIMIZATION_LEVEL = 0;
				GCC_PREPROCESSOR_DEFINITIONS = (
					"DEBUG=1",
					"$(inherited)",
				);
				GCC_WARN_64_TO_32_BIT_CONVERSION = YES;
				GCC_WARN_ABOUT_RETURN_TYPE = YES_ERROR;
				GCC_WARN_UNDECLARED_SELECTOR = YES;
				GCC_WARN_UNINITIALIZED_AUTOS = YES_AGGRESSIVE;
				GCC_WARN_UNUSED_FUNCTION = YES;
				GCC_WARN_UNUSED_VARIABLE = YES;
				MACOSX_DEPLOYMENT_TARGET = 12.5;
				MTL_ENABLE_DEBUG_INFO = INCLUDE_SOURCE;
				MTL_FAST_MATH = YES;
				ONLY_ACTIVE_ARCH = YES;
				SDKROOT = iphoneos;
				SWIFT_ACTIVE_COMPILATION_CONDITIONS = DEBUG;
				SWIFT_OPTIMIZATION_LEVEL = "-Onone";
			};
			name = Debug;
		};
		92618E2B291EBA0100178E21 /* Release */ = {
			isa = XCBuildConfiguration;
			buildSettings = {
				ALWAYS_SEARCH_USER_PATHS = NO;
				CLANG_ANALYZER_NONNULL = YES;
				CLANG_ANALYZER_NUMBER_OBJECT_CONVERSION = YES_AGGRESSIVE;
				CLANG_CXX_LANGUAGE_STANDARD = "gnu++20";
				CLANG_ENABLE_MODULES = YES;
				CLANG_ENABLE_OBJC_ARC = YES;
				CLANG_ENABLE_OBJC_WEAK = YES;
				CLANG_WARN_BLOCK_CAPTURE_AUTORELEASING = YES;
				CLANG_WARN_BOOL_CONVERSION = YES;
				CLANG_WARN_COMMA = YES;
				CLANG_WARN_CONSTANT_CONVERSION = YES;
				CLANG_WARN_DEPRECATED_OBJC_IMPLEMENTATIONS = YES;
				CLANG_WARN_DIRECT_OBJC_ISA_USAGE = YES_ERROR;
				CLANG_WARN_DOCUMENTATION_COMMENTS = YES;
				CLANG_WARN_EMPTY_BODY = YES;
				CLANG_WARN_ENUM_CONVERSION = YES;
				CLANG_WARN_INFINITE_RECURSION = YES;
				CLANG_WARN_INT_CONVERSION = YES;
				CLANG_WARN_NON_LITERAL_NULL_CONVERSION = YES;
				CLANG_WARN_OBJC_IMPLICIT_RETAIN_SELF = YES;
				CLANG_WARN_OBJC_LITERAL_CONVERSION = YES;
				CLANG_WARN_OBJC_ROOT_CLASS = YES_ERROR;
				CLANG_WARN_QUOTED_INCLUDE_IN_FRAMEWORK_HEADER = YES;
				CLANG_WARN_RANGE_LOOP_ANALYSIS = YES;
				CLANG_WARN_STRICT_PROTOTYPES = YES;
				CLANG_WARN_SUSPICIOUS_MOVE = YES;
				CLANG_WARN_UNGUARDED_AVAILABILITY = YES_AGGRESSIVE;
				CLANG_WARN_UNREACHABLE_CODE = YES;
				CLANG_WARN__DUPLICATE_METHOD_MATCH = YES;
				COPY_PHASE_STRIP = NO;
				DEBUG_INFORMATION_FORMAT = "dwarf-with-dsym";
				ENABLE_NS_ASSERTIONS = NO;
				ENABLE_STRICT_OBJC_MSGSEND = YES;
				GCC_C_LANGUAGE_STANDARD = gnu11;
				GCC_NO_COMMON_BLOCKS = YES;
				GCC_WARN_64_TO_32_BIT_CONVERSION = YES;
				GCC_WARN_ABOUT_RETURN_TYPE = YES_ERROR;
				GCC_WARN_UNDECLARED_SELECTOR = YES;
				GCC_WARN_UNINITIALIZED_AUTOS = YES_AGGRESSIVE;
				GCC_WARN_UNUSED_FUNCTION = YES;
				GCC_WARN_UNUSED_VARIABLE = YES;
				MACOSX_DEPLOYMENT_TARGET = 12.5;
				MTL_ENABLE_DEBUG_INFO = NO;
				MTL_FAST_MATH = YES;
				SDKROOT = iphoneos;
				SWIFT_COMPILATION_MODE = wholemodule;
				SWIFT_OPTIMIZATION_LEVEL = "-O";
			};
			name = Release;
		};
		92618E2D291EBA0100178E21 /* Debug */ = {
			isa = XCBuildConfiguration;
			buildSettings = {
				ASSETCATALOG_COMPILER_APPICON_NAME = AppIcon;
				ASSETCATALOG_COMPILER_GLOBAL_ACCENT_COLOR_NAME = AccentColor;
				CODE_SIGN_ENTITLEMENTS = Carousel/Carousel.entitlements;
				CODE_SIGN_STYLE = Automatic;
				COMBINE_HIDPI_IMAGES = YES;
				CURRENT_PROJECT_VERSION = 1;
				DEVELOPMENT_ASSET_PATHS = "\"Carousel/Preview Content\"";
				DEVELOPMENT_TEAM = 5PJLLP9AKM;
				ENABLE_HARDENED_RUNTIME = YES;
				ENABLE_PREVIEWS = YES;
				GENERATE_INFOPLIST_FILE = YES;
				INFOPLIST_KEY_NSHumanReadableCopyright = "";
				LD_RUNPATH_SEARCH_PATHS = (
					"$(inherited)",
					"@executable_path/../Frameworks",
				);
				MARKETING_VERSION = 1.0;
				PRODUCT_BUNDLE_IDENTIFIER = me.Carousel;
				PRODUCT_NAME = "$(TARGET_NAME)";
				SWIFT_EMIT_LOC_STRINGS = YES;
				SWIFT_VERSION = 5.0;
			};
			name = Debug;
		};
		92618E2E291EBA0100178E21 /* Release */ = {
			isa = XCBuildConfiguration;
			buildSettings = {
				ASSETCATALOG_COMPILER_APPICON_NAME = AppIcon;
				ASSETCATALOG_COMPILER_GLOBAL_ACCENT_COLOR_NAME = AccentColor;
				CODE_SIGN_ENTITLEMENTS = Carousel/Carousel.entitlements;
				CODE_SIGN_STYLE = Automatic;
				COMBINE_HIDPI_IMAGES = YES;
				CURRENT_PROJECT_VERSION = 1;
				DEVELOPMENT_ASSET_PATHS = "\"Carousel/Preview Content\"";
				DEVELOPMENT_TEAM = 5PJLLP9AKM;
				ENABLE_HARDENED_RUNTIME = YES;
				ENABLE_PREVIEWS = YES;
				GENERATE_INFOPLIST_FILE = YES;
				INFOPLIST_KEY_NSHumanReadableCopyright = "";
				LD_RUNPATH_SEARCH_PATHS = (
					"$(inherited)",
					"@executable_path/../Frameworks",
				);
				MARKETING_VERSION = 1.0;
				PRODUCT_BUNDLE_IDENTIFIER = me.Carousel;
				PRODUCT_NAME = "$(TARGET_NAME)";
				SWIFT_EMIT_LOC_STRINGS = YES;
				SWIFT_VERSION = 5.0;
			};
			name = Release;
		};
		92618E30291EBA0100178E21 /* Debug */ = {
			isa = XCBuildConfiguration;
			buildSettings = {
				ALWAYS_EMBED_SWIFT_STANDARD_LIBRARIES = YES;
				BUNDLE_LOADER = "$(TEST_HOST)";
				CODE_SIGN_STYLE = Automatic;
				CURRENT_PROJECT_VERSION = 1;
				DEVELOPMENT_TEAM = 5PJLLP9AKM;
				GENERATE_INFOPLIST_FILE = YES;
				MACOSX_DEPLOYMENT_TARGET = 12.5;
				MARKETING_VERSION = 1.0;
				PRODUCT_BUNDLE_IDENTIFIER = me.CarouselTests;
				PRODUCT_NAME = "$(TARGET_NAME)";
				SWIFT_EMIT_LOC_STRINGS = NO;
				SWIFT_VERSION = 5.0;
				TEST_HOST = "$(BUILT_PRODUCTS_DIR)/Carousel.app/$(BUNDLE_EXECUTABLE_FOLDER_PATH)/Carousel";
			};
			name = Debug;
		};
		92618E31291EBA0100178E21 /* Release */ = {
			isa = XCBuildConfiguration;
			buildSettings = {
				ALWAYS_EMBED_SWIFT_STANDARD_LIBRARIES = YES;
				BUNDLE_LOADER = "$(TEST_HOST)";
				CODE_SIGN_STYLE = Automatic;
				CURRENT_PROJECT_VERSION = 1;
				DEVELOPMENT_TEAM = 5PJLLP9AKM;
				GENERATE_INFOPLIST_FILE = YES;
				MACOSX_DEPLOYMENT_TARGET = 12.5;
				MARKETING_VERSION = 1.0;
				PRODUCT_BUNDLE_IDENTIFIER = me.CarouselTests;
				PRODUCT_NAME = "$(TARGET_NAME)";
				SWIFT_EMIT_LOC_STRINGS = NO;
				SWIFT_VERSION = 5.0;
				TEST_HOST = "$(BUILT_PRODUCTS_DIR)/Carousel.app/$(BUNDLE_EXECUTABLE_FOLDER_PATH)/Carousel";
			};
			name = Release;
		};
		92618E33291EBA0100178E21 /* Debug */ = {
			isa = XCBuildConfiguration;
			buildSettings = {
				ALWAYS_EMBED_SWIFT_STANDARD_LIBRARIES = YES;
				CODE_SIGN_STYLE = Automatic;
				CURRENT_PROJECT_VERSION = 1;
				DEVELOPMENT_TEAM = 5PJLLP9AKM;
				GENERATE_INFOPLIST_FILE = YES;
				MARKETING_VERSION = 1.0;
				PRODUCT_BUNDLE_IDENTIFIER = me.CarouselUITests;
				PRODUCT_NAME = "$(TARGET_NAME)";
				SWIFT_EMIT_LOC_STRINGS = NO;
				SWIFT_VERSION = 5.0;
				TEST_TARGET_NAME = Carousel;
			};
			name = Debug;
		};
		92618E34291EBA0100178E21 /* Release */ = {
			isa = XCBuildConfiguration;
			buildSettings = {
				ALWAYS_EMBED_SWIFT_STANDARD_LIBRARIES = YES;
				CODE_SIGN_STYLE = Automatic;
				CURRENT_PROJECT_VERSION = 1;
				DEVELOPMENT_TEAM = 5PJLLP9AKM;
				GENERATE_INFOPLIST_FILE = YES;
				MARKETING_VERSION = 1.0;
				PRODUCT_BUNDLE_IDENTIFIER = me.CarouselUITests;
				PRODUCT_NAME = "$(TARGET_NAME)";
				SWIFT_EMIT_LOC_STRINGS = NO;
				SWIFT_VERSION = 5.0;
				TEST_TARGET_NAME = Carousel;
			};
			name = Release;
		};
/* End XCBuildConfiguration section */

/* Begin XCConfigurationList section */
		92618E02291EBA0000178E21 /* Build configuration list for PBXProject "Carousel" */ = {
			isa = XCConfigurationList;
			buildConfigurations = (
				92618E2A291EBA0100178E21 /* Debug */,
				92618E2B291EBA0100178E21 /* Release */,
			);
			defaultConfigurationIsVisible = 0;
			defaultConfigurationName = Release;
		};
		92618E2C291EBA0100178E21 /* Build configuration list for PBXNativeTarget "Carousel" */ = {
			isa = XCConfigurationList;
			buildConfigurations = (
				92618E2D291EBA0100178E21 /* Debug */,
				92618E2E291EBA0100178E21 /* Release */,
			);
			defaultConfigurationIsVisible = 0;
			defaultConfigurationName = Release;
		};
		92618E2F291EBA0100178E21 /* Build configuration list for PBXNativeTarget "CarouselTests" */ = {
			isa = XCConfigurationList;
			buildConfigurations = (
				92618E30291EBA0100178E21 /* Debug */,
				92618E31291EBA0100178E21 /* Release */,
			);
			defaultConfigurationIsVisible = 0;
			defaultConfigurationName = Release;
		};
		92618E32291EBA0100178E21 /* Build configuration list for PBXNativeTarget "CarouselUITests" */ = {
			isa = XCConfigurationList;
			buildConfigurations = (
				92618E33291EBA0100178E21 /* Debug */,
				92618E34291EBA0100178E21 /* Release */,
			);
			defaultConfigurationIsVisible = 0;
			defaultConfigurationName = Release;
		};
/* End XCConfigurationList section */
	};
	rootObject = 92618DFF291EBA0000178E21 /* Project object */;
}
